<?xml version="1.0" encoding="utf-8"?>
<Project ToolsVersion="4.0" xmlns="http://schemas.microsoft.com/developer/msbuild/2003">
  <ItemGroup>
    <Filter Include="Zdrojové soubory">
      <UniqueIdentifier>{4FC737F1-C7A5-4376-A066-2A32D752A2FF}</UniqueIdentifier>
      <Extensions>cpp;c;cc;cxx;c++;cppm;ixx;def;odl;idl;hpj;bat;asm;asmx</Extensions>
    </Filter>
    <Filter Include="Hlavičkové soubory">
      <UniqueIdentifier>{93995380-89BD-4b04-88EB-625FBE52EBFB}</UniqueIdentifier>
      <Extensions>h;hh;hpp;hxx;h++;hm;inl;inc;ipp;xsd</Extensions>
    </Filter>
    <Filter Include="Soubory zdrojů">
      <UniqueIdentifier>{67DA6AB6-F800-4c08-8B7A-83BB121AAD01}</UniqueIdentifier>
      <Extensions>rc;ico;cur;bmp;dlg;rc2;rct;bin;rgs;gif;jpg;jpeg;jpe;resx;tiff;tif;png;wav;mfcribbon-ms</Extensions>
    </Filter>
    <Filter Include="Zdrojové soubory\ShaderProgram">
      <UniqueIdentifier>{ad3aee40-f895-405b-bdc6-be10f1504425}</UniqueIdentifier>
    </Filter>
    <Filter Include="Hlavičkové soubory\ShaderProgram">
      <UniqueIdentifier>{a0abb992-ec52-4e0c-90d1-2ae9a5c341a9}</UniqueIdentifier>
    </Filter>
    <Filter Include="Hlavičkové soubory\Models">
      <UniqueIdentifier>{6c3ea153-7424-4da1-bd34-7ada84802acf}</UniqueIdentifier>
    </Filter>
    <Filter Include="Hlavičkové soubory\Transforms">
      <UniqueIdentifier>{1a14e816-98d0-467d-bffe-084a8dd14c9a}</UniqueIdentifier>
    </Filter>
    <Filter Include="Hlavičkové soubory\Scene">
      <UniqueIdentifier>{385e4254-a835-444b-80b8-767f3378e4ea}</UniqueIdentifier>
    </Filter>
    <Filter Include="Zdrojové soubory\Scene">
      <UniqueIdentifier>{cecc5c48-b471-4998-97e0-24c3f3530252}</UniqueIdentifier>
    </Filter>
  </ItemGroup>
  <ItemGroup>
    <ClCompile Include="main.cpp">
      <Filter>Zdrojové soubory</Filter>
    </ClCompile>
    <ClCompile Include="Application.cpp">
      <Filter>Zdrojové soubory</Filter>
    </ClCompile>
    <ClCompile Include="Model\Model.cpp">
      <Filter>Zdrojové soubory</Filter>
    </ClCompile>
    <ClCompile Include="CallbackManager.cpp">
      <Filter>Zdrojové soubory</Filter>
    </ClCompile>
    <ClCompile Include="Observer.cpp">
      <Filter>Zdrojové soubory</Filter>
    </ClCompile>
    <ClCompile Include="Scene\DefaultScene\DefaultScene.cpp">
      <Filter>Zdrojové soubory\Scene</Filter>
    </ClCompile>
    <ClCompile Include="ShaderProgram\Shader.cpp">
      <Filter>Zdrojové soubory\ShaderProgram</Filter>
    </ClCompile>
    <ClCompile Include="ShaderProgram\ShaderProgram.cpp">
      <Filter>Zdrojové soubory\ShaderProgram</Filter>
    </ClCompile>
    <ClCompile Include="Camera.cpp">
      <Filter>Zdrojové soubory</Filter>
    </ClCompile>
    <ClCompile Include="Model\ModelLoader.cpp">
      <Filter>Zdrojové soubory</Filter>
    </ClCompile>
    <ClCompile Include="ShaderProgram\ShaderBuilder.cpp">
      <Filter>Zdrojové soubory</Filter>
    </ClCompile>
    <ClCompile Include="Model\GameObject.cpp">
      <Filter>Zdrojové soubory</Filter>
    </ClCompile>
    <ClCompile Include="Scene\DefaultScene\HouseObjectGroup.cpp">
      <Filter>Zdrojové soubory</Filter>
    </ClCompile>
    <ClCompile Include="Scene\SceneC5_4Balls\SceneC5_4Balls.cpp">
      <Filter>Zdrojové soubory</Filter>
    </ClCompile>
    <ClCompile Include="Light\Light.cpp">
      <Filter>Zdrojové soubory</Filter>
    </ClCompile>
    <ClCompile Include="Model\GameObjectBuilder.h">
      <Filter>Zdrojové soubory</Filter>
    </ClCompile>
    <ClCompile Include="Scene\SceneManager.cpp">
      <Filter>Zdrojové soubory</Filter>
    </ClCompile>
    <ClCompile Include="Scene\SceneC5_1Ball\SceneC5_1Ball.cpp">
      <Filter>Zdrojové soubory</Filter>
    </ClCompile>
    <ClCompile Include="Scene\SceneC5_4Objects\SceneC5_4Objects.cpp">
      <Filter>Zdrojové soubory</Filter>
    </ClCompile>
    <ClCompile Include="Scene\ForestScene\ForestScene.cpp">
      <Filter>Zdrojové soubory</Filter>
    </ClCompile>
    <ClCompile Include="Light\LightManager.cpp">
      <Filter>Zdrojové soubory</Filter>
    </ClCompile>
    <ClCompile Include="Scene\Universe\Universe.cpp">
      <Filter>Zdrojové soubory</Filter>
    </ClCompile>
    <ClCompile Include="Scene\Universe\OffsetRotator.cpp">
      <Filter>Zdrojové soubory</Filter>
    </ClCompile>
    <ClCompile Include="Model\ModelManager.cpp">
      <Filter>Zdrojové soubory</Filter>
    </ClCompile>
  </ItemGroup>
  <ItemGroup>
    <ClInclude Include="Application.h">
      <Filter>Hlavičkové soubory</Filter>
    </ClInclude>
    <ClInclude Include="Model\Model.h">
      <Filter>Hlavičkové soubory</Filter>
    </ClInclude>
    <ClInclude Include="GlobalInclude.h">
      <Filter>Hlavičkové soubory</Filter>
    </ClInclude>
    <ClInclude Include="Observer.h">
      <Filter>Hlavičkové soubory</Filter>
    </ClInclude>
    <ClInclude Include="CallbackManager.h">
      <Filter>Hlavičkové soubory</Filter>
    </ClInclude>
    <ClInclude Include="Models\Cube.h">
      <Filter>Hlavičkové soubory\Models</Filter>
    </ClInclude>
    <ClInclude Include="Models\Triangle.h">
      <Filter>Hlavičkové soubory\Models</Filter>
    </ClInclude>
    <ClInclude Include="Scene\DefaultScene\DefaultScene.h">
      <Filter>Hlavičkové soubory\Scene</Filter>
    </ClInclude>
    <ClInclude Include="Scene\Scene.h">
      <Filter>Hlavičkové soubory\Scene</Filter>
    </ClInclude>
    <ClInclude Include="ShaderProgram\Shader.h">
      <Filter>Hlavičkové soubory\ShaderProgram</Filter>
    </ClInclude>
    <ClInclude Include="ShaderProgram\ShaderProgram.h">
      <Filter>Hlavičkové soubory\ShaderProgram</Filter>
    </ClInclude>
    <ClInclude Include="Transforms\RotationTransform.h">
      <Filter>Hlavičkové soubory\Transforms</Filter>
    </ClInclude>
    <ClInclude Include="Transforms\ScaleTransform.h">
      <Filter>Hlavičkové soubory\Transforms</Filter>
    </ClInclude>
    <ClInclude Include="Transforms\Transform.h">
      <Filter>Hlavičkové soubory\Transforms</Filter>
    </ClInclude>
    <ClInclude Include="Transforms\TransformComp.h">
      <Filter>Hlavičkové soubory\Transforms</Filter>
    </ClInclude>
    <ClInclude Include="Transforms\TranslationTransform.h">
      <Filter>Hlavičkové soubory\Transforms</Filter>
    </ClInclude>
    <ClInclude Include="Camera.h">
      <Filter>Hlavičkové soubory</Filter>
    </ClInclude>
    <ClInclude Include="Models\plain.h">
      <Filter>Hlavičkové soubory</Filter>
    </ClInclude>
    <ClInclude Include="Models\sphere.h">
      <Filter>Hlavičkové soubory</Filter>
    </ClInclude>
    <ClInclude Include="Models\suzi_flat.h">
      <Filter>Hlavičkové soubory</Filter>
    </ClInclude>
    <ClInclude Include="Models\suzi_smooth.h">
      <Filter>Hlavičkové soubory</Filter>
    </ClInclude>
    <ClInclude Include="Model\ModelLoader.h">
      <Filter>Hlavičkové soubory</Filter>
    </ClInclude>
    <ClInclude Include="ShaderProgram\ShaderBuilder.h">
      <Filter>Hlavičkové soubory</Filter>
    </ClInclude>
    <ClInclude Include="Model\GameObject.h">
      <Filter>Hlavičkové soubory</Filter>
    </ClInclude>
    <ClInclude Include="Scene\DefaultScene\HouseObjectGroup.h">
      <Filter>Hlavičkové soubory</Filter>
    </ClInclude>
    <ClInclude Include="Scene\SceneC5_4Balls\SceneC5_4Balls.h">
      <Filter>Hlavičkové soubory</Filter>
    </ClInclude>
    <ClInclude Include="Models\bushes.h">
      <Filter>Hlavičkové soubory</Filter>
    </ClInclude>
    <ClInclude Include="Models\gift.h">
      <Filter>Hlavičkové soubory</Filter>
    </ClInclude>
    <ClInclude Include="Models\tree.h">
      <Filter>Hlavičkové soubory</Filter>
    </ClInclude>
    <ClInclude Include="Light\Light.h">
      <Filter>Hlavičkové soubory</Filter>
    </ClInclude>
    <ClInclude Include="Scene\SceneManager.h">
      <Filter>Hlavičkové soubory</Filter>
    </ClInclude>
    <ClInclude Include="Scene\SceneC5_1Ball\SceneC5_1Ball.h">
      <Filter>Hlavičkové soubory</Filter>
    </ClInclude>
    <ClInclude Include="Scene\SceneC5_4Objects\SceneC5_4Objects.h">
      <Filter>Hlavičkové soubory</Filter>
    </ClInclude>
    <ClInclude Include="Scene\ForestScene\ForestScene.h">
      <Filter>Hlavičkové soubory</Filter>
    </ClInclude>
    <ClInclude Include="Light\LightManager.h">
      <Filter>Hlavičkové soubory</Filter>
    </ClInclude>
    <ClInclude Include="Scene\Universe\Universe.h">
      <Filter>Hlavičkové soubory</Filter>
    </ClInclude>
    <ClInclude Include="Scene\Universe\OffsetRotator.h">
      <Filter>Hlavičkové soubory</Filter>
    </ClInclude>
    <ClInclude Include="Model\Material.h">
      <Filter>Hlavičkové soubory</Filter>
    </ClInclude>
    <ClInclude Include="Model\ModelManager.h">
      <Filter>Hlavičkové soubory</Filter>
    </ClInclude>
  </ItemGroup>
  <ItemGroup>
    <None Include="Shaders\fragment_shader_color_positional.glsl">
      <Filter>Soubory zdrojů</Filter>
    </None>
    <None Include="Shaders\fragment_shader_color_static.glsl">
      <Filter>Soubory zdrojů</Filter>
    </None>
    <None Include="Shaders\vertex_shader_positional_color.glsl">
      <Filter>Soubory zdrojů</Filter>
    </None>
    <None Include="Shaders\vertex_shader_transformative.glsl">
      <Filter>Soubory zdrojů</Filter>
    </None>
    <None Include="Shaders\lightShader\vertex.glsl" />
    <None Include="Shaders\lightShader\lambert.glsl" />
    <None Include="Shaders\lightShader\phong.glsl" />
    <None Include="Shaders\lightShader\blinn.glsl" />
    <None Include="Shaders\lightShader\constant.glsl" />
    <None Include="Shaders\lightShader\phong2.glsl" />
  </ItemGroup>
</Project>